
Microsoft Visual Studio Solution File, Format Version 12.00
# Visual Studio 15
VisualStudioVersion = 15.0.27703.2047
MinimumVisualStudioVersion = 10.0.40219.1
Project("{8BC9CEB8-8B4A-11D0-8D11-00A0C91BC942}") = "Lab5", "Lab5\Lab5.vcxproj", "{83E36E04-58BD-4D8A-AA43-15B72E31F37C}"
EndProject
Project("{8BC9CEB8-8B4A-11D0-8D11-00A0C91BC942}") = "Lab6", "Lab6\Lab6.vcxproj", "{5B02A09B-2E12-41CF-A7DF-CBF459FA01D8}"
EndProject
Project("{8BC9CEB8-8B4A-11D0-8D11-00A0C91BC942}") = "Lab8", "Lab8\Lab8.vcxproj", "{C0337A82-88D8-4E43-8D8E-6BE57029255A}"
EndProject
Project("{8BC9CEB8-8B4A-11D0-8D11-00A0C91BC942}") = "Lab9", "Lab9\Lab9.vcxproj", "{6C5316AA-E7C7-4D0E-B043-964C05E8FD76}"
EndProject
Project("{8BC9CEB8-8B4A-11D0-8D11-00A0C91BC942}") = "Lab10", "Lab10\Lab10.vcxproj", "{96B6398A-0A23-45DE-8838-2084A12861C6}"
EndProject
Project("{8BC9CEB8-8B4A-11D0-8D11-00A0C91BC942}") = "Lab13", "Lab13\Lab13.vcxproj", "{8AB55BF6-1574-465A-9C6A-C94BF53576E4}"
EndProject
Project("{8BC9CEB8-8B4A-11D0-8D11-00A0C91BC942}") = "Lab14", "Lab14\Lab14.vcxproj", "{8C33109A-4170-4D8A-8AA5-347DC51E82FB}"
EndProject
Project("{8BC9CEB8-8B4A-11D0-8D11-00A0C91BC942}") = "Lab15", "Lab15\Lab15.vcxproj", "{051CEE59-9C91-4AC1-A478-653DE7165D03}"
EndProject
Global
	GlobalSection(SolutionConfigurationPlatforms) = preSolution
		Debug|x64 = Debug|x64
		Debug|x86 = Debug|x86
		Release|x64 = Release|x64
		Release|x86 = Release|x86
	EndGlobalSection
	GlobalSection(ProjectConfigurationPlatforms) = postSolution
		{83E36E04-58BD-4D8A-AA43-15B72E31F37C}.Debug|x64.ActiveCfg = Debug|Win32
		{83E36E04-58BD-4D8A-AA43-15B72E31F37C}.Debug|x86.ActiveCfg = Debug|Win32
		{83E36E04-58BD-4D8A-AA43-15B72E31F37C}.Debug|x86.Build.0 = Debug|Win32
		{83E36E04-58BD-4D8A-AA43-15B72E31F37C}.Release|x64.ActiveCfg = Release|Win32
		{83E36E04-58BD-4D8A-AA43-15B72E31F37C}.Release|x86.ActiveCfg = Release|Win32
		{83E36E04-58BD-4D8A-AA43-15B72E31F37C}.Release|x86.Build.0 = Release|Win32
		{5B02A09B-2E12-41CF-A7DF-CBF459FA01D8}.Debug|x64.ActiveCfg = Debug|Win32
		{5B02A09B-2E12-41CF-A7DF-CBF459FA01D8}.Debug|x86.ActiveCfg = Debug|Win32
		{5B02A09B-2E12-41CF-A7DF-CBF459FA01D8}.Debug|x86.Build.0 = Debug|Win32
		{5B02A09B-2E12-41CF-A7DF-CBF459FA01D8}.Release|x64.ActiveCfg = Release|Win32
		{5B02A09B-2E12-41CF-A7DF-CBF459FA01D8}.Release|x86.ActiveCfg = Release|Win32
		{5B02A09B-2E12-41CF-A7DF-CBF459FA01D8}.Release|x86.Build.0 = Release|Win32
		{C0337A82-88D8-4E43-8D8E-6BE57029255A}.Debug|x64.ActiveCfg = Debug|x64
		{C0337A82-88D8-4E43-8D8E-6BE57029255A}.Debug|x64.Build.0 = Debug|x64
		{C0337A82-88D8-4E43-8D8E-6BE57029255A}.Debug|x86.ActiveCfg = Debug|Win32
		{C0337A82-88D8-4E43-8D8E-6BE57029255A}.Debug|x86.Build.0 = Debug|Win32
		{C0337A82-88D8-4E43-8D8E-6BE57029255A}.Release|x64.ActiveCfg = Release|x64
		{C0337A82-88D8-4E43-8D8E-6BE57029255A}.Release|x64.Build.0 = Release|x64
		{C0337A82-88D8-4E43-8D8E-6BE57029255A}.Release|x86.ActiveCfg = Release|Win32
		{C0337A82-88D8-4E43-8D8E-6BE57029255A}.Release|x86.Build.0 = Release|Win32
		{6C5316AA-E7C7-4D0E-B043-964C05E8FD76}.Debug|x64.ActiveCfg = Debug|x64
		{6C5316AA-E7C7-4D0E-B043-964C05E8FD76}.Debug|x64.Build.0 = Debug|x64
		{6C5316AA-E7C7-4D0E-B043-964C05E8FD76}.Debug|x86.ActiveCfg = Debug|Win32
		{6C5316AA-E7C7-4D0E-B043-964C05E8FD76}.Debug|x86.Build.0 = Debug|Win32
		{6C5316AA-E7C7-4D0E-B043-964C05E8FD76}.Release|x64.ActiveCfg = Release|x64
		{6C5316AA-E7C7-4D0E-B043-964C05E8FD76}.Release|x64.Build.0 = Release|x64
		{6C5316AA-E7C7-4D0E-B043-964C05E8FD76}.Release|x86.ActiveCfg = Release|Win32
		{6C5316AA-E7C7-4D0E-B043-964C05E8FD76}.Release|x86.Build.0 = Release|Win32
		{96B6398A-0A23-45DE-8838-2084A12861C6}.Debug|x64.ActiveCfg = Debug|x64
		{96B6398A-0A23-45DE-8838-2084A12861C6}.Debug|x64.Build.0 = Debug|x64
		{96B6398A-0A23-45DE-8838-2084A12861C6}.Debug|x86.ActiveCfg = Debug|Win32
		{96B6398A-0A23-45DE-8838-2084A12861C6}.Debug|x86.Build.0 = Debug|Win32
		{96B6398A-0A23-45DE-8838-2084A12861C6}.Release|x64.ActiveCfg = Release|x64
		{96B6398A-0A23-45DE-8838-2084A12861C6}.Release|x64.Build.0 = Release|x64
		{96B6398A-0A23-45DE-8838-2084A12861C6}.Release|x86.ActiveCfg = Release|Win32
		{96B6398A-0A23-45DE-8838-2084A12861C6}.Release|x86.Build.0 = Release|Win32
		{8AB55BF6-1574-465A-9C6A-C94BF53576E4}.Debug|x64.ActiveCfg = Debug|x64
		{8AB55BF6-1574-465A-9C6A-C94BF53576E4}.Debug|x64.Build.0 = Debug|x64
		{8AB55BF6-1574-465A-9C6A-C94BF53576E4}.Debug|x86.ActiveCfg = Debug|Win32
		{8AB55BF6-1574-465A-9C6A-C94BF53576E4}.Debug|x86.Build.0 = Debug|Win32
		{8AB55BF6-1574-465A-9C6A-C94BF53576E4}.Release|x64.ActiveCfg = Release|x64
		{8AB55BF6-1574-465A-9C6A-C94BF53576E4}.Release|x64.Build.0 = Release|x64
		{8AB55BF6-1574-465A-9C6A-C94BF53576E4}.Release|x86.ActiveCfg = Release|Win32
		{8AB55BF6-1574-465A-9C6A-C94BF53576E4}.Release|x86.Build.0 = Release|Win32
		{8C33109A-4170-4D8A-8AA5-347DC51E82FB}.Debug|x64.ActiveCfg = Debug|x64
		{8C33109A-4170-4D8A-8AA5-347DC51E82FB}.Debug|x64.Build.0 = Debug|x64
		{8C33109A-4170-4D8A-8AA5-347DC51E82FB}.Debug|x86.ActiveCfg = Debug|Win32
		{8C33109A-4170-4D8A-8AA5-347DC51E82FB}.Debug|x86.Build.0 = Debug|Win32
		{8C33109A-4170-4D8A-8AA5-347DC51E82FB}.Release|x64.ActiveCfg = Release|x64
		{8C33109A-4170-4D8A-8AA5-347DC51E82FB}.Release|x64.Build.0 = Release|x64
		{8C33109A-4170-4D8A-8AA5-347DC51E82FB}.Release|x86.ActiveCfg = Release|Win32
		{8C33109A-4170-4D8A-8AA5-347DC51E82FB}.Release|x86.Build.0 = Release|Win32
		{051CEE59-9C91-4AC1-A478-653DE7165D03}.Debug|x64.ActiveCfg = Debug|x64
		{051CEE59-9C91-4AC1-A478-653DE7165D03}.Debug|x64.Build.0 = Debug|x64
		{051CEE59-9C91-4AC1-A478-653DE7165D03}.Debug|x86.ActiveCfg = Debug|Win32
		{051CEE59-9C91-4AC1-A478-653DE7165D03}.Debug|x86.Build.0 = Debug|Win32
		{051CEE59-9C91-4AC1-A478-653DE7165D03}.Release|x64.ActiveCfg = Release|x64
		{051CEE59-9C91-4AC1-A478-653DE7165D03}.Release|x64.Build.0 = Release|x64
		{051CEE59-9C91-4AC1-A478-653DE7165D03}.Release|x86.ActiveCfg = Release|Win32
		{051CEE59-9C91-4AC1-A478-653DE7165D03}.Release|x86.Build.0 = Release|Win32
	EndGlobalSection
	GlobalSection(SolutionProperties) = preSolution
		HideSolutionNode = FALSE
	EndGlobalSection
	GlobalSection(ExtensibilityGlobals) = postSolution
		SolutionGuid = {7A3D08F1-C5B8-4912-BC58-3E6AE3A22E4B}
	EndGlobalSection
EndGlobal
