
Microsoft Visual Studio Solution File, Format Version 12.00
# Visual Studio 15
VisualStudioVersion = 15.0.27703.2047
MinimumVisualStudioVersion = 10.0.40219.1
Project("{8BC9CEB8-8B4A-11D0-8D11-00A0C91BC942}") = "L5", "L5\L5.vcxproj", "{ACCDF789-AAA1-4907-8599-6442430518DD}"
EndProject
Global
	GlobalSection(SolutionConfigurationPlatforms) = preSolution
		Debug|x64 = Debug|x64
		Debug|x86 = Debug|x86
		Release|x64 = Release|x64
		Release|x86 = Release|x86
	EndGlobalSection
	GlobalSection(ProjectConfigurationPlatforms) = postSolution
		{ACCDF789-AAA1-4907-8599-6442430518DD}.Debug|x64.ActiveCfg = Debug|x64
		{ACCDF789-AAA1-4907-8599-6442430518DD}.Debug|x64.Build.0 = Debug|x64
		{ACCDF789-AAA1-4907-8599-6442430518DD}.Debug|x86.ActiveCfg = Debug|Win32
		{ACCDF789-AAA1-4907-8599-6442430518DD}.Debug|x86.Build.0 = Debug|Win32
		{ACCDF789-AAA1-4907-8599-6442430518DD}.Release|x64.ActiveCfg = Release|x64
		{ACCDF789-AAA1-4907-8599-6442430518DD}.Release|x64.Build.0 = Release|x64
		{ACCDF789-AAA1-4907-8599-6442430518DD}.Release|x86.ActiveCfg = Release|Win32
		{ACCDF789-AAA1-4907-8599-6442430518DD}.Release|x86.Build.0 = Release|Win32
	EndGlobalSection
	GlobalSection(SolutionProperties) = preSolution
		HideSolutionNode = FALSE
	EndGlobalSection
	GlobalSection(ExtensibilityGlobals) = postSolution
		SolutionGuid = {5DF298B3-B204-441E-B816-10CB3363EA9C}
	EndGlobalSection
EndGlobal
